# Generated by buf. DO NOT EDIT.
version: v2
deps:
  - name: buf.build/googleapis/googleapis
    commit: 62f35d8aed1149c291d606d958a7ce32
    digest: b5:d66bf04adc77a0870bdc9328aaf887c7188a36fb02b83a480dc45ef9dc031b4d39fc6e9dc6435120ccf4fe5bfd5c6cb6592533c6c316595571f9a31420ab47fe
  - name: buf.build/viamrobotics/api
    commit: 998407192f184de9a96c94adb8513244
    digest: b5:1a0ed5e0080de164d97a288a8626227ee4f4bb61d6748de99063852082c1f5573c7922fe8cd0aadbb3b1bfe1b41d9e82e2ce9adb732462cf097a050fef294927
