# Generated by buf. DO NOT EDIT.
version: v2
deps:
  - name: buf.build/googleapis/googleapis
    commit: 62f35d8aed1149c291d606d958a7ce32
    digest: b5:d66bf04adc77a0870bdc9328aaf887c7188a36fb02b83a480dc45ef9dc031b4d39fc6e9dc6435120ccf4fe5bfd5c6cb6592533c6c316595571f9a31420ab47fe
  - name: buf.build/viamrobotics/api
    commit: eb85b0459f42408cb434c32de09063df
    digest: b5:b5b2c8834ac2f25e706da0ea475c41f3a178845699f22de8dec4e85888e00490edff126ee3ca1c3542c255cdb1f5bc8fe6b616ff72e1bf235b4994f5b0a0fb7a
